// !$*UTF8*$!
{
	archiveVersion = 1;
	classes = {
	};
	objectVersion = 46;
	objects = {

/* Begin PBXBuildFile section */
		136DB06B1B798CAD00BCC4EE /* TLCollectionWaterFallCell.m in Sources */ = {isa = PBXBuildFile; fileRef = 136DB06A1B798CAD00BCC4EE /* TLCollectionWaterFallCell.m */; };
		13E877741B78BE8C008E09B9 /* main.m in Sources */ = {isa = PBXBuildFile; fileRef = 13E877731B78BE8C008E09B9 /* main.m */; };
		13E877771B78BE8C008E09B9 /* TLAppDelegate.m in Sources */ = {isa = PBXBuildFile; fileRef = 13E877761B78BE8C008E09B9 /* TLAppDelegate.m */; };
		13E8777A1B78BE8C008E09B9 /* TLCollectionViewController.m in Sources */ = {isa = PBXBuildFile; fileRef = 13E877791B78BE8C008E09B9 /* TLCollectionViewController.m */; };
		13E8777D1B78BE8C008E09B9 /* Main.storyboard in Resources */ = {isa = PBXBuildFile; fileRef = 13E8777B1B78BE8C008E09B9 /* Main.storyboard */; };
		13E8777F1B78BE8C008E09B9 /* Images.xcassets in Resources */ = {isa = PBXBuildFile; fileRef = 13E8777E1B78BE8C008E09B9 /* Images.xcassets */; };
		13E877821B78BE8C008E09B9 /* LaunchScreen.xib in Resources */ = {isa = PBXBuildFile; fileRef = 13E877801B78BE8C008E09B9 /* LaunchScreen.xib */; };
		13E8778E1B78BE8C008E09B9 /* TLCollectionWaterfallFlowTests.m in Sources */ = {isa = PBXBuildFile; fileRef = 13E8778D1B78BE8C008E09B9 /* TLCollectionWaterfallFlowTests.m */; };
		13E877991B78D999008E09B9 /* TLCollectionWaterFallFlow.m in Sources */ = {isa = PBXBuildFile; fileRef = 13E877981B78D999008E09B9 /* TLCollectionWaterFallFlow.m */; };
/* End PBXBuildFile section */

/* Begin PBXContainerItemProxy section */
		13E877881B78BE8C008E09B9 /* PBXContainerItemProxy */ = {
			isa = PBXContainerItemProxy;
			containerPortal = 13E877661B78BE8C008E09B9 /* Project object */;
			proxyType = 1;
			remoteGlobalIDString = 13E8776D1B78BE8C008E09B9;
			remoteInfo = TLCollectionWaterfallFlow;
		};
/* End PBXContainerItemProxy section */

/* Begin PBXFileReference section */
		136DB0691B798CAD00BCC4EE /* TLCollectionWaterFallCell.h */ = {isa = PBXFileReference; fileEncoding = 4; lastKnownFileType = sourcecode.c.h; path = TLCollectionWaterFallCell.h; sourceTree = "<group>"; };
		136DB06A1B798CAD00BCC4EE /* TLCollectionWaterFallCell.m */ = {isa = PBXFileReference; fileEncoding = 4; lastKnownFileType = sourcecode.c.objc; path = TLCollectionWaterFallCell.m; sourceTree = "<group>"; };
		13E8776E1B78BE8C008E09B9 /* TLCollectionWaterfallFlow.app */ = {isa = PBXFileReference; explicitFileType = wrapper.application; includeInIndex = 0; path = TLCollectionWaterfallFlow.app; sourceTree = BUILT_PRODUCTS_DIR; };
		13E877721B78BE8C008E09B9 /* Info.plist */ = {isa = PBXFileReference; lastKnownFileType = text.plist.xml; path = Info.plist; sourceTree = "<group>"; };
		13E877731B78BE8C008E09B9 /* main.m */ = {isa = PBXFileReference; lastKnownFileType = sourcecode.c.objc; path = main.m; sourceTree = "<group>"; };
		13E877751B78BE8C008E09B9 /* TLAppDelegate.h */ = {isa = PBXFileReference; lastKnownFileType = sourcecode.c.h; path = TLAppDelegate.h; sourceTree = "<group>"; };
		13E877761B78BE8C008E09B9 /* TLAppDelegate.m */ = {isa = PBXFileReference; lastKnownFileType = sourcecode.c.objc; path = TLAppDelegate.m; sourceTree = "<group>"; };
		13E877781B78BE8C008E09B9 /* TLCollectionViewController.h */ = {isa = PBXFileReference; lastKnownFileType = sourcecode.c.h; path = TLCollectionViewController.h; sourceTree = "<group>"; };
		13E877791B78BE8C008E09B9 /* TLCollectionViewController.m */ = {isa = PBXFileReference; lastKnownFileType = sourcecode.c.objc; path = TLCollectionViewController.m; sourceTree = "<group>"; };
		13E8777C1B78BE8C008E09B9 /* Base */ = {isa = PBXFileReference; lastKnownFileType = file.storyboard; name = Base; path = Base.lproj/Main.storyboard; sourceTree = "<group>"; };
		13E8777E1B78BE8C008E09B9 /* Images.xcassets */ = {isa = PBXFileReference; lastKnownFileType = folder.assetcatalog; path = Images.xcassets; sourceTree = "<group>"; };
		13E877811B78BE8C008E09B9 /* Base */ = {isa = PBXFileReference; lastKnownFileType = file.xib; name = Base; path = Base.lproj/LaunchScreen.xib; sourceTree = "<group>"; };
		13E877871B78BE8C008E09B9 /* TLCollectionWaterfallFlowTests.xctest */ = {isa = PBXFileReference; explicitFileType = wrapper.cfbundle; includeInIndex = 0; path = TLCollectionWaterfallFlowTests.xctest; sourceTree = BUILT_PRODUCTS_DIR; };
		13E8778C1B78BE8C008E09B9 /* Info.plist */ = {isa = PBXFileReference; lastKnownFileType = text.plist.xml; path = Info.plist; sourceTree = "<group>"; };
		13E8778D1B78BE8C008E09B9 /* TLCollectionWaterfallFlowTests.m */ = {isa = PBXFileReference; lastKnownFileType = sourcecode.c.objc; path = TLCollectionWaterfallFlowTests.m; sourceTree = "<group>"; };
		13E877971B78D999008E09B9 /* TLCollectionWaterFallFlow.h */ = {isa = PBXFileReference; fileEncoding = 4; lastKnownFileType = sourcecode.c.h; path = TLCollectionWaterFallFlow.h; sourceTree = "<group>"; };
		13E877981B78D999008E09B9 /* TLCollectionWaterFallFlow.m */ = {isa = PBXFileReference; fileEncoding = 4; lastKnownFileType = sourcecode.c.objc; path = TLCollectionWaterFallFlow.m; sourceTree = "<group>"; };
/* End PBXFileReference section */

/* Begin PBXFrameworksBuildPhase section */
		13E8776B1B78BE8C008E09B9 /* Frameworks */ = {
			isa = PBXFrameworksBuildPhase;
			buildActionMask = 2147483647;
			files = (
			);
			runOnlyForDeploymentPostprocessing = 0;
		};
		13E877841B78BE8C008E09B9 /* Frameworks */ = {
			isa = PBXFrameworksBuildPhase;
			buildActionMask = 2147483647;
			files = (
			);
			runOnlyForDeploymentPostprocessing = 0;
		};
/* End PBXFrameworksBuildPhase section */

/* Begin PBXGroup section */
		13E877651B78BE8C008E09B9 = {
			isa = PBXGroup;
			children = (
				13E877701B78BE8C008E09B9 /* TLCollectionWaterfallFlow */,
				13E8778A1B78BE8C008E09B9 /* TLCollectionWaterfallFlowTests */,
				13E8776F1B78BE8C008E09B9 /* Products */,
			);
			sourceTree = "<group>";
		};
		13E8776F1B78BE8C008E09B9 /* Products */ = {
			isa = PBXGroup;
			children = (
				13E8776E1B78BE8C008E09B9 /* TLCollectionWaterfallFlow.app */,
				13E877871B78BE8C008E09B9 /* TLCollectionWaterfallFlowTests.xctest */,
			);
			name = Products;
			sourceTree = "<group>";
		};
		13E877701B78BE8C008E09B9 /* TLCollectionWaterfallFlow */ = {
			isa = PBXGroup;
			children = (
				13E877751B78BE8C008E09B9 /* TLAppDelegate.h */,
				13E877761B78BE8C008E09B9 /* TLAppDelegate.m */,
				13E877971B78D999008E09B9 /* TLCollectionWaterFallFlow.h */,
				13E877981B78D999008E09B9 /* TLCollectionWaterFallFlow.m */,
				136DB0691B798CAD00BCC4EE /* TLCollectionWaterFallCell.h */,
				136DB06A1B798CAD00BCC4EE /* TLCollectionWaterFallCell.m */,
				13E877781B78BE8C008E09B9 /* TLCollectionViewController.h */,
				13E877791B78BE8C008E09B9 /* TLCollectionViewController.m */,
				13E8777B1B78BE8C008E09B9 /* Main.storyboard */,
				13E8777E1B78BE8C008E09B9 /* Images.xcassets */,
				13E877801B78BE8C008E09B9 /* LaunchScreen.xib */,
				13E877711B78BE8C008E09B9 /* Supporting Files */,
			);
			path = TLCollectionWaterfallFlow;
			sourceTree = "<group>";
		};
		13E877711B78BE8C008E09B9 /* Supporting Files */ = {
			isa = PBXGroup;
			children = (
				13E877721B78BE8C008E09B9 /* Info.plist */,
				13E877731B78BE8C008E09B9 /* main.m */,
			);
			name = "Supporting Files";
			sourceTree = "<group>";
		};
		13E8778A1B78BE8C008E09B9 /* TLCollectionWaterfallFlowTests */ = {
			isa = PBXGroup;
			children = (
				13E8778D1B78BE8C008E09B9 /* TLCollectionWaterfallFlowTests.m */,
				13E8778B1B78BE8C008E09B9 /* Supporting Files */,
			);
			path = TLCollectionWaterfallFlowTests;
			sourceTree = "<group>";
		};
		13E8778B1B78BE8C008E09B9 /* Supporting Files */ = {
			isa = PBXGroup;
			children = (
				13E8778C1B78BE8C008E09B9 /* Info.plist */,
			);
			name = "Supporting Files";
			sourceTree = "<group>";
		};
/* End PBXGroup section */

/* Begin PBXNativeTarget section */
		13E8776D1B78BE8C008E09B9 /* TLCollectionWaterfallFlow */ = {
			isa = PBXNativeTarget;
			buildConfigurationList = 13E877911B78BE8C008E09B9 /* Build configuration list for PBXNativeTarget "TLCollectionWaterfallFlow" */;
			buildPhases = (
				13E8776A1B78BE8C008E09B9 /* Sources */,
				13E8776B1B78BE8C008E09B9 /* Frameworks */,
				13E8776C1B78BE8C008E09B9 /* Resources */,
			);
			buildRules = (
			);
			dependencies = (
			);
			name = TLCollectionWaterfallFlow;
			productName = TLCollectionWaterfallFlow;
			productReference = 13E8776E1B78BE8C008E09B9 /* TLCollectionWaterfallFlow.app */;
			productType = "com.apple.product-type.application";
		};
		13E877861B78BE8C008E09B9 /* TLCollectionWaterfallFlowTests */ = {
			isa = PBXNativeTarget;
			buildConfigurationList = 13E877941B78BE8C008E09B9 /* Build configuration list for PBXNativeTarget "TLCollectionWaterfallFlowTests" */;
			buildPhases = (
				13E877831B78BE8C008E09B9 /* Sources */,
				13E877841B78BE8C008E09B9 /* Frameworks */,
				13E877851B78BE8C008E09B9 /* Resources */,
			);
			buildRules = (
			);
			dependencies = (
				13E877891B78BE8C008E09B9 /* PBXTargetDependency */,
			);
			name = TLCollectionWaterfallFlowTests;
			productName = TLCollectionWaterfallFlowTests;
			productReference = 13E877871B78BE8C008E09B9 /* TLCollectionWaterfallFlowTests.xctest */;
			productType = "com.apple.product-type.bundle.unit-test";
		};
/* End PBXNativeTarget section */

/* Begin PBXProject section */
		13E877661B78BE8C008E09B9 /* Project object */ = {
			isa = PBXProject;
			attributes = {
				LastUpgradeCheck = 0630;
				ORGANIZATIONNAME = "周安德";
				TargetAttributes = {
					13E8776D1B78BE8C008E09B9 = {
						CreatedOnToolsVersion = 6.3.2;
					};
					13E877861B78BE8C008E09B9 = {
						CreatedOnToolsVersion = 6.3.2;
						TestTargetID = 13E8776D1B78BE8C008E09B9;
					};
				};
			};
			buildConfigurationList = 13E877691B78BE8C008E09B9 /* Build configuration list for PBXProject "TLCollectionWaterfallFlow" */;
			compatibilityVersion = "Xcode 3.2";
			developmentRegion = English;
			hasScannedForEncodings = 0;
			knownRegions = (
				en,
				Base,
			);
			mainGroup = 13E877651B78BE8C008E09B9;
			productRefGroup = 13E8776F1B78BE8C008E09B9 /* Products */;
			projectDirPath = "";
			projectRoot = "";
			targets = (
				13E8776D1B78BE8C008E09B9 /* TLCollectionWaterfallFlow */,
				13E877861B78BE8C008E09B9 /* TLCollectionWaterfallFlowTests */,
			);
		};
/* End PBXProject section */

/* Begin PBXResourcesBuildPhase section */
		13E8776C1B78BE8C008E09B9 /* Resources */ = {
			isa = PBXResourcesBuildPhase;
			buildActionMask = 2147483647;
			files = (
				13E8777D1B78BE8C008E09B9 /* Main.storyboard in Resources */,
				13E877821B78BE8C008E09B9 /* LaunchScreen.xib in Resources */,
				13E8777F1B78BE8C008E09B9 /* Images.xcassets in Resources */,
			);
			runOnlyForDeploymentPostprocessing = 0;
		};
		13E877851B78BE8C008E09B9 /* Resources */ = {
			isa = PBXResourcesBuildPhase;
			buildActionMask = 2147483647;
			files = (
			);
			runOnlyForDeploymentPostprocessing = 0;
		};
/* End PBXResourcesBuildPhase section */

/* Begin PBXSourcesBuildPhase section */
		13E8776A1B78BE8C008E09B9 /* Sources */ = {
			isa = PBXSourcesBuildPhase;
			buildActionMask = 2147483647;
			files = (
				13E877991B78D999008E09B9 /* TLCollectionWaterFallFlow.m in Sources */,
				13E8777A1B78BE8C008E09B9 /* TLCollectionViewController.m in Sources */,
				13E877771B78BE8C008E09B9 /* TLAppDelegate.m in Sources */,
				136DB06B1B798CAD00BCC4EE /* TLCollectionWaterFallCell.m in Sources */,
				13E877741B78BE8C008E09B9 /* main.m in Sources */,
			);
			runOnlyForDeploymentPostprocessing = 0;
		};
		13E877831B78BE8C008E09B9 /* Sources */ = {
			isa = PBXSourcesBuildPhase;
			buildActionMask = 2147483647;
			files = (
				13E8778E1B78BE8C008E09B9 /* TLCollectionWaterfallFlowTests.m in Sources */,
			);
			runOnlyForDeploymentPostprocessing = 0;
		};
/* End PBXSourcesBuildPhase section */

/* Begin PBXTargetDependency section */
		13E877891B78BE8C008E09B9 /* PBXTargetDependency */ = {
			isa = PBXTargetDependency;
			target = 13E8776D1B78BE8C008E09B9 /* TLCollectionWaterfallFlow */;
			targetProxy = 13E877881B78BE8C008E09B9 /* PBXContainerItemProxy */;
		};
/* End PBXTargetDependency section */

/* Begin PBXVariantGroup section */
		13E8777B1B78BE8C008E09B9 /* Main.storyboard */ = {
			isa = PBXVariantGroup;
			children = (
				13E8777C1B78BE8C008E09B9 /* Base */,
			);
			name = Main.storyboard;
			sourceTree = "<group>";
		};
		13E877801B78BE8C008E09B9 /* LaunchScreen.xib */ = {
			isa = PBXVariantGroup;
			children = (
				13E877811B78BE8C008E09B9 /* Base */,
			);
			name = LaunchScreen.xib;
			sourceTree = "<group>";
		};
/* End PBXVariantGroup section */

/* Begin XCBuildConfiguration section */
		13E8778F1B78BE8C008E09B9 /* Debug */ = {
			isa = XCBuildConfiguration;
			buildSettings = {
				ALWAYS_SEARCH_USER_PATHS = NO;
				CLANG_CXX_LANGUAGE_STANDARD = "gnu++0x";
				CLANG_CXX_LIBRARY = "libc++";
				CLANG_ENABLE_MODULES = YES;
				CLANG_ENABLE_OBJC_ARC = YES;
				CLANG_WARN_BOOL_CONVERSION = YES;
				CLANG_WARN_CONSTANT_CONVERSION = YES;
				CLANG_WARN_DIRECT_OBJC_ISA_USAGE = YES_ERROR;
				CLANG_WARN_EMPTY_BODY = YES;
				CLANG_WARN_ENUM_CONVERSION = YES;
				CLANG_WARN_INT_CONVERSION = YES;
				CLANG_WARN_OBJC_ROOT_CLASS = YES_ERROR;
				CLANG_WARN_UNREACHABLE_CODE = YES;
				CLANG_WARN__DUPLICATE_METHOD_MATCH = YES;
				"CODE_SIGN_IDENTITY[sdk=iphoneos*]" = "iPhone Developer";
				COPY_PHASE_STRIP = NO;
				DEBUG_INFORMATION_FORMAT = "dwarf-with-dsym";
				ENABLE_STRICT_OBJC_MSGSEND = YES;
				GCC_C_LANGUAGE_STANDARD = gnu99;
				GCC_DYNAMIC_NO_PIC = NO;
				GCC_NO_COMMON_BLOCKS = YES;
				GCC_OPTIMIZATION_LEVEL = 0;
				GCC_PREPROCESSOR_DEFINITIONS = (
					"DEBUG=1",
					"$(inherited)",
				);
				GCC_SYMBOLS_PRIVATE_EXTERN = NO;
				GCC_WARN_64_TO_32_BIT_CONVERSION = YES;
				GCC_WARN_ABOUT_RETURN_TYPE = YES_ERROR;
				GCC_WARN_UNDECLARED_SELECTOR = YES;
				GCC_WARN_UNINITIALIZED_AUTOS = YES_AGGRESSIVE;
				GCC_WARN_UNUSED_FUNCTION = YES;
				GCC_WARN_UNUSED_VARIABLE = YES;
				IPHONEOS_DEPLOYMENT_TARGET = 8.3;
				MTL_ENABLE_DEBUG_INFO = YES;
				ONLY_ACTIVE_ARCH = YES;
				SDKROOT = iphoneos;
			};
			name = Debug;
		};
		13E877901B78BE8C008E09B9 /* Release */ = {
			isa = XCBuildConfiguration;
			buildSettings = {
				ALWAYS_SEARCH_USER_PATHS = NO;
				CLANG_CXX_LANGUAGE_STANDARD = "gnu++0x";
				CLANG_CXX_LIBRARY = "libc++";
				CLANG_ENABLE_MODULES = YES;
				CLANG_ENABLE_OBJC_ARC = YES;
				CLANG_WARN_BOOL_CONVERSION = YES;
				CLANG_WARN_CONSTANT_CONVERSION = YES;
				CLANG_WARN_DIRECT_OBJC_ISA_USAGE = YES_ERROR;
				CLANG_WARN_EMPTY_BODY = YES;
				CLANG_WARN_ENUM_CONVERSION = YES;
				CLANG_WARN_INT_CONVERSION = YES;
				CLANG_WARN_OBJC_ROOT_CLASS = YES_ERROR;
				CLANG_WARN_UNREACHABLE_CODE = YES;
				CLANG_WARN__DUPLICATE_METHOD_MATCH = YES;
				"CODE_SIGN_IDENTITY[sdk=iphoneos*]" = "iPhone Developer";
				COPY_PHASE_STRIP = NO;
				DEBUG_INFORMATION_FORMAT = "dwarf-with-dsym";
				ENABLE_NS_ASSERTIONS = NO;
				ENABLE_STRICT_OBJC_MSGSEND = YES;
				GCC_C_LANGUAGE_STANDARD = gnu99;
				GCC_NO_COMMON_BLOCKS = YES;
				GCC_WARN_64_TO_32_BIT_CONVERSION = YES;
				GCC_WARN_ABOUT_RETURN_TYPE = YES_ERROR;
				GCC_WARN_UNDECLARED_SELECTOR = YES;
				GCC_WARN_UNINITIALIZED_AUTOS = YES_AGGRESSIVE;
				GCC_WARN_UNUSED_FUNCTION = YES;
				GCC_WARN_UNUSED_VARIABLE = YES;
				IPHONEOS_DEPLOYMENT_TARGET = 8.3;
				MTL_ENABLE_DEBUG_INFO = NO;
				SDKROOT = iphoneos;
				VALIDATE_PRODUCT = YES;
			};
			name = Release;
		};
		13E877921B78BE8C008E09B9 /* Debug */ = {
			isa = XCBuildConfiguration;
			buildSettings = {
				ASSETCATALOG_COMPILER_APPICON_NAME = AppIcon;
				INFOPLIST_FILE = TLCollectionWaterfallFlow/Info.plist;
				LD_RUNPATH_SEARCH_PATHS = "$(inherited) @executable_path/Frameworks";
				PRODUCT_NAME = "$(TARGET_NAME)";
			};
			name = Debug;
		};
		13E877931B78BE8C008E09B9 /* Release */ = {
			isa = XCBuildConfiguration;
			buildSettings = {
				ASSETCATALOG_COMPILER_APPICON_NAME = AppIcon;
				INFOPLIST_FILE = TLCollectionWaterfallFlow/Info.plist;
				LD_RUNPATH_SEARCH_PATHS = "$(inherited) @executable_path/Frameworks";
				PRODUCT_NAME = "$(TARGET_NAME)";
			};
			name = Release;
		};
		13E877951B78BE8C008E09B9 /* Debug */ = {
			isa = XCBuildConfiguration;
			buildSettings = {
				BUNDLE_LOADER = "$(TEST_HOST)";
				FRAMEWORK_SEARCH_PATHS = (
					"$(SDKROOT)/Developer/Library/Frameworks",
					"$(inherited)",
				);
				GCC_PREPROCESSOR_DEFINITIONS = (
					"DEBUG=1",
					"$(inherited)",
				);
				INFOPLIST_FILE = TLCollectionWaterfallFlowTests/Info.plist;
				LD_RUNPATH_SEARCH_PATHS = "$(inherited) @executable_path/Frameworks @loader_path/Frameworks";
				PRODUCT_NAME = "$(TARGET_NAME)";
				TEST_HOST = "$(BUILT_PRODUCTS_DIR)/TLCollectionWaterfallFlow.app/TLCollectionWaterfallFlow";
			};
			name = Debug;
		};
		13E877961B78BE8C008E09B9 /* Release */ = {
			isa = XCBuildConfiguration;
			buildSettings = {
				BUNDLE_LOADER = "$(TEST_HOST)";
				FRAMEWORK_SEARCH_PATHS = (
					"$(SDKROOT)/Developer/Library/Frameworks",
					"$(inherited)",
				);
				INFOPLIST_FILE = TLCollectionWaterfallFlowTests/Info.plist;
				LD_RUNPATH_SEARCH_PATHS = "$(inherited) @executable_path/Frameworks @loader_path/Frameworks";
				PRODUCT_NAME = "$(TARGET_NAME)";
				TEST_HOST = "$(BUILT_PRODUCTS_DIR)/TLCollectionWaterfallFlow.app/TLCollectionWaterfallFlow";
			};
			name = Release;
		};
/* End XCBuildConfiguration section */

/* Begin XCConfigurationList section */
		13E877691B78BE8C008E09B9 /* Build configuration list for PBXProject "TLCollectionWaterfallFlow" */ = {
			isa = XCConfigurationList;
			buildConfigurations = (
				13E8778F1B78BE8C008E09B9 /* Debug */,
				13E877901B78BE8C008E09B9 /* Release */,
			);
			defaultConfigurationIsVisible = 0;
			defaultConfigurationName = Release;
		};
		13E877911B78BE8C008E09B9 /* Build configuration list for PBXNativeTarget "TLCollectionWaterfallFlow" */ = {
			isa = XCConfigurationList;
			buildConfigurations = (
				13E877921B78BE8C008E09B9 /* Debug */,
				13E877931B78BE8C008E09B9 /* Release */,
			);
			defaultConfigurationIsVisible = 0;
			defaultConfigurationName = Release;
		};
		13E877941B78BE8C008E09B9 /* Build configuration list for PBXNativeTarget "TLCollectionWaterfallFlowTests" */ = {
			isa = XCConfigurationList;
			buildConfigurations = (
				13E877951B78BE8C008E09B9 /* Debug */,
				13E877961B78BE8C008E09B9 /* Release */,
			);
			defaultConfigurationIsVisible = 0;
			defaultConfigurationName = Release;
		};
/* End XCConfigurationList section */
	};
	rootObject = 13E877661B78BE8C008E09B9 /* Project object */;
}
